
Microsoft Visual Studio Solution File, Format Version 12.00
# Visual Studio 15
VisualStudioVersion = 15.0.26730.15
MinimumVisualStudioVersion = 10.0.40219.1
Project("{FAE04EC0-301F-11D3-BF4B-00C04F79EFBC}") = "DateTimeExtension", "DateTimeExtension\DateTimeExtension.csproj", "{8DDCBCB0-049E-47FF-AD62-7E89409671CC}"
EndProject
Global
	GlobalSection(SolutionConfigurationPlatforms) = preSolution
		Debug|Any CPU = Debug|Any CPU
		Release|Any CPU = Release|Any CPU
	EndGlobalSection
	GlobalSection(ProjectConfigurationPlatforms) = postSolution
		{8DDCBCB0-049E-47FF-AD62-7E89409671CC}.Debug|Any CPU.ActiveCfg = Debug|Any CPU
		{8DDCBCB0-049E-47FF-AD62-7E89409671CC}.Debug|Any CPU.Build.0 = Debug|Any CPU
		{8DDCBCB0-049E-47FF-AD62-7E89409671CC}.Release|Any CPU.ActiveCfg = Release|Any CPU
		{8DDCBCB0-049E-47FF-AD62-7E89409671CC}.Release|Any CPU.Build.0 = Release|Any CPU
	EndGlobalSection
	GlobalSection(SolutionProperties) = preSolution
		HideSolutionNode = FALSE
	EndGlobalSection
	GlobalSection(ExtensibilityGlobals) = postSolution
		SolutionGuid = {8BC9337F-FB09-4C87-AE52-9855AFAB896B}
	EndGlobalSection
EndGlobal
